
Microsoft Visual Studio Solution File, Format Version 12.00
# Visual Studio Version 17
VisualStudioVersion = 17.0.31903.59
MinimumVisualStudioVersion = 10.0.40219.1
Project("{FAE04EC0-301F-11D3-BF4B-00C04F79EFBC}") = "Reapit.Services.Demo.Api", "Reapit.Services.Demo.Api\Reapit.Services.Demo.Api.csproj", "{BB9A555C-33CB-4C7D-9405-0E0C80771C55}"
EndProject
Project("{FAE04EC0-301F-11D3-BF4B-00C04F79EFBC}") = "Reapit.Services.Demo.Api.Test", "Reapit.Services.Demo.Api.Test\Reapit.Services.Demo.Api.Test.csproj", "{676D3465-BA06-4D3E-AC6D-F504052D9C72}"
EndProject
Project("{FAE04EC0-301F-11D3-BF4B-00C04F79EFBC}") = "Reapit.Services.Demo.Core", "Reapit.Services.Demo.Core\Reapit.Services.Demo.Core.csproj", "{C2A9D00E-EC0D-4068-97B6-0FE19F643FE7}"
EndProject
Project("{FAE04EC0-301F-11D3-BF4B-00C04F79EFBC}") = "Reapit.Services.Demo.Core.Test", "Reapit.Services.Demo.Core.Test\Reapit.Services.Demo.Core.Test.csproj", "{FABD33CC-92C0-4200-9326-417C194AB2C9}"
EndProject
Project("{FAE04EC0-301F-11D3-BF4B-00C04F79EFBC}") = "Reapit.Services.Demo.Domain", "Reapit.Services.Demo.Domain\Reapit.Services.Demo.Domain.csproj", "{3DDC79A9-9CA4-47A9-A51E-F7F437D1C9D2}"
EndProject
Project("{FAE04EC0-301F-11D3-BF4B-00C04F79EFBC}") = "Reapit.Services.Demo.Domain.Test", "Reapit.Services.Demo.Domain.Test\Reapit.Services.Demo.Domain.Test.csproj", "{7DE3533B-BF4B-4811-A5CA-B793E12241AF}"
EndProject
Project("{FAE04EC0-301F-11D3-BF4B-00C04F79EFBC}") = "Reapit.Services.Demo.Data", "Reapit.Services.Demo.Data\Reapit.Services.Demo.Data.csproj", "{C5253EF8-E2CE-4DF4-B411-4FB4D0F81C0E}"
EndProject
Project("{FAE04EC0-301F-11D3-BF4B-00C04F79EFBC}") = "Reapit.Services.Demo.Data.Test", "Reapit.Services.Demo.Data.Test\Reapit.Services.Demo.Data.Test.csproj", "{D502EA6B-3457-4BD0-BA76-5E1D4252234F}"
EndProject
Project("{FAE04EC0-301F-11D3-BF4B-00C04F79EFBC}") = "Reapit.Services.Demo.Common", "Reapit.Services.Demo.Common\Reapit.Services.Demo.Common.csproj", "{07A9D7B1-F385-4052-B9B9-0BA247032C98}"
EndProject
Project("{FAE04EC0-301F-11D3-BF4B-00C04F79EFBC}") = "Reapit.Services.Demo.Common.Test", "Reapit.Services.Demo.Common.Test\Reapit.Services.Demo.Common.Test.csproj", "{988E9BB3-3A1D-4BFB-B99E-61086DF52379}"
EndProject
Global
	GlobalSection(SolutionConfigurationPlatforms) = preSolution
		Debug|Any CPU = Debug|Any CPU
		Release|Any CPU = Release|Any CPU
	EndGlobalSection
	GlobalSection(SolutionProperties) = preSolution
		HideSolutionNode = FALSE
	EndGlobalSection
	GlobalSection(ProjectConfigurationPlatforms) = postSolution
		{BB9A555C-33CB-4C7D-9405-0E0C80771C55}.Debug|Any CPU.ActiveCfg = Debug|Any CPU
		{BB9A555C-33CB-4C7D-9405-0E0C80771C55}.Debug|Any CPU.Build.0 = Debug|Any CPU
		{BB9A555C-33CB-4C7D-9405-0E0C80771C55}.Release|Any CPU.ActiveCfg = Release|Any CPU
		{BB9A555C-33CB-4C7D-9405-0E0C80771C55}.Release|Any CPU.Build.0 = Release|Any CPU
		{676D3465-BA06-4D3E-AC6D-F504052D9C72}.Debug|Any CPU.ActiveCfg = Debug|Any CPU
		{676D3465-BA06-4D3E-AC6D-F504052D9C72}.Debug|Any CPU.Build.0 = Debug|Any CPU
		{676D3465-BA06-4D3E-AC6D-F504052D9C72}.Release|Any CPU.ActiveCfg = Release|Any CPU
		{676D3465-BA06-4D3E-AC6D-F504052D9C72}.Release|Any CPU.Build.0 = Release|Any CPU
		{C2A9D00E-EC0D-4068-97B6-0FE19F643FE7}.Debug|Any CPU.ActiveCfg = Debug|Any CPU
		{C2A9D00E-EC0D-4068-97B6-0FE19F643FE7}.Debug|Any CPU.Build.0 = Debug|Any CPU
		{C2A9D00E-EC0D-4068-97B6-0FE19F643FE7}.Release|Any CPU.ActiveCfg = Release|Any CPU
		{C2A9D00E-EC0D-4068-97B6-0FE19F643FE7}.Release|Any CPU.Build.0 = Release|Any CPU
		{FABD33CC-92C0-4200-9326-417C194AB2C9}.Debug|Any CPU.ActiveCfg = Debug|Any CPU
		{FABD33CC-92C0-4200-9326-417C194AB2C9}.Debug|Any CPU.Build.0 = Debug|Any CPU
		{FABD33CC-92C0-4200-9326-417C194AB2C9}.Release|Any CPU.ActiveCfg = Release|Any CPU
		{FABD33CC-92C0-4200-9326-417C194AB2C9}.Release|Any CPU.Build.0 = Release|Any CPU
		{3DDC79A9-9CA4-47A9-A51E-F7F437D1C9D2}.Debug|Any CPU.ActiveCfg = Debug|Any CPU
		{3DDC79A9-9CA4-47A9-A51E-F7F437D1C9D2}.Debug|Any CPU.Build.0 = Debug|Any CPU
		{3DDC79A9-9CA4-47A9-A51E-F7F437D1C9D2}.Release|Any CPU.ActiveCfg = Release|Any CPU
		{3DDC79A9-9CA4-47A9-A51E-F7F437D1C9D2}.Release|Any CPU.Build.0 = Release|Any CPU
		{7DE3533B-BF4B-4811-A5CA-B793E12241AF}.Debug|Any CPU.ActiveCfg = Debug|Any CPU
		{7DE3533B-BF4B-4811-A5CA-B793E12241AF}.Debug|Any CPU.Build.0 = Debug|Any CPU
		{7DE3533B-BF4B-4811-A5CA-B793E12241AF}.Release|Any CPU.ActiveCfg = Release|Any CPU
		{7DE3533B-BF4B-4811-A5CA-B793E12241AF}.Release|Any CPU.Build.0 = Release|Any CPU
		{C5253EF8-E2CE-4DF4-B411-4FB4D0F81C0E}.Debug|Any CPU.ActiveCfg = Debug|Any CPU
		{C5253EF8-E2CE-4DF4-B411-4FB4D0F81C0E}.Debug|Any CPU.Build.0 = Debug|Any CPU
		{C5253EF8-E2CE-4DF4-B411-4FB4D0F81C0E}.Release|Any CPU.ActiveCfg = Release|Any CPU
		{C5253EF8-E2CE-4DF4-B411-4FB4D0F81C0E}.Release|Any CPU.Build.0 = Release|Any CPU
		{D502EA6B-3457-4BD0-BA76-5E1D4252234F}.Debug|Any CPU.ActiveCfg = Debug|Any CPU
		{D502EA6B-3457-4BD0-BA76-5E1D4252234F}.Debug|Any CPU.Build.0 = Debug|Any CPU
		{D502EA6B-3457-4BD0-BA76-5E1D4252234F}.Release|Any CPU.ActiveCfg = Release|Any CPU
		{D502EA6B-3457-4BD0-BA76-5E1D4252234F}.Release|Any CPU.Build.0 = Release|Any CPU
		{07A9D7B1-F385-4052-B9B9-0BA247032C98}.Debug|Any CPU.ActiveCfg = Debug|Any CPU
		{07A9D7B1-F385-4052-B9B9-0BA247032C98}.Debug|Any CPU.Build.0 = Debug|Any CPU
		{07A9D7B1-F385-4052-B9B9-0BA247032C98}.Release|Any CPU.ActiveCfg = Release|Any CPU
		{07A9D7B1-F385-4052-B9B9-0BA247032C98}.Release|Any CPU.Build.0 = Release|Any CPU
		{988E9BB3-3A1D-4BFB-B99E-61086DF52379}.Debug|Any CPU.ActiveCfg = Debug|Any CPU
		{988E9BB3-3A1D-4BFB-B99E-61086DF52379}.Debug|Any CPU.Build.0 = Debug|Any CPU
		{988E9BB3-3A1D-4BFB-B99E-61086DF52379}.Release|Any CPU.ActiveCfg = Release|Any CPU
		{988E9BB3-3A1D-4BFB-B99E-61086DF52379}.Release|Any CPU.Build.0 = Release|Any CPU
	EndGlobalSection
EndGlobal
